Microsoft Visual Studio Solution File, Format Version 12.00
# Visual Studio Version 17
VisualStudioVersion = 17.0.31903.59
MinimumVisualStudioVersion = 10.0.40219.1
Project("{8BC9CEB8-8B4A-11D0-8D11-00A0C91BC942}") = "crtsys_minifilter_swap_buffers_sample", "crtsys_minifilter_swap_buffers_sample.vcxproj", "{362CB21E-5249-43AA-9949-9A993755A660}"
EndProject
Project("{8BC9CEB8-8B4A-11D0-8D11-00A0C91BC942}") = "crtsys_minifilter_swap_buffers_sample_app", "crtsys_minifilter_swap_buffers_sample_app.vcxproj", "{7C126FC4-D588-401B-B167-A9D15E92C40F}"
	ProjectSection(ProjectDependencies) = postProject
		{362CB21E-5249-43AA-9949-9A993755A660} = {362CB21E-5249-43AA-9949-9A993755A660}
	EndProjectSection
EndProject
Global
	GlobalSection(SolutionConfigurationPlatforms) = preSolution
		Debug|x64 = Debug|x64
		Release|x64 = Release|x64
	EndGlobalSection
	GlobalSection(ProjectConfigurationPlatforms) = postSolution
		{362CB21E-5249-43AA-9949-9A993755A660}.Debug|x64.ActiveCfg = Debug|x64
		{362CB21E-5249-43AA-9949-9A993755A660}.Debug|x64.Build.0 = Debug|x64
		{362CB21E-5249-43AA-9949-9A993755A660}.Release|x64.ActiveCfg = Release|x64
		{362CB21E-5249-43AA-9949-9A993755A660}.Release|x64.Build.0 = Release|x64
		{7C126FC4-D588-401B-B167-A9D15E92C40F}.Debug|x64.ActiveCfg = Debug|x64
		{7C126FC4-D588-401B-B167-A9D15E92C40F}.Debug|x64.Build.0 = Debug|x64
		{7C126FC4-D588-401B-B167-A9D15E92C40F}.Release|x64.ActiveCfg = Release|x64
		{7C126FC4-D588-401B-B167-A9D15E92C40F}.Release|x64.Build.0 = Release|x64
	EndGlobalSection
	GlobalSection(SolutionProperties) = preSolution
		HideSolutionNode = FALSE
	EndGlobalSection
EndGlobal
