Microsoft Visual Studio Solution File, Format Version 12.00
# Visual Studio Version 17
# Generated by scripts/examples/Generate-WfpVisualStudioProjects.ps1. Edit the manifest, not this file.
VisualStudioVersion = 17.0.31903.59
MinimumVisualStudioVersion = 10.0.40219.1
Project("{8BC9CEB8-8B4A-11D0-8D11-00A0C91BC942}") = "crtsys_wfp_kernel_tls_inspection_proxy", "crtsys_wfp_kernel_tls_inspection_proxy.vcxproj", "{EBFFBC06-3AA4-11E8-C0A9-E16312A35447}"
EndProject
Project("{8BC9CEB8-8B4A-11D0-8D11-00A0C91BC942}") = "crtsys_wfp_kernel_tls_inspection_proxy_controller", "crtsys_wfp_kernel_tls_inspection_proxy_controller.vcxproj", "{4BF448EB-4036-ECDC-4557-B3D3A8005575}"
EndProject
Global
	GlobalSection(SolutionConfigurationPlatforms) = preSolution
		Debug|x64 = Debug|x64
		Release|x64 = Release|x64
	EndGlobalSection
	GlobalSection(ProjectConfigurationPlatforms) = postSolution
		{EBFFBC06-3AA4-11E8-C0A9-E16312A35447}.Debug|x64.ActiveCfg = Debug|x64
		{EBFFBC06-3AA4-11E8-C0A9-E16312A35447}.Debug|x64.Build.0 = Debug|x64
		{EBFFBC06-3AA4-11E8-C0A9-E16312A35447}.Release|x64.ActiveCfg = Release|x64
		{EBFFBC06-3AA4-11E8-C0A9-E16312A35447}.Release|x64.Build.0 = Release|x64
		{4BF448EB-4036-ECDC-4557-B3D3A8005575}.Debug|x64.ActiveCfg = Debug|x64
		{4BF448EB-4036-ECDC-4557-B3D3A8005575}.Debug|x64.Build.0 = Debug|x64
		{4BF448EB-4036-ECDC-4557-B3D3A8005575}.Release|x64.ActiveCfg = Release|x64
		{4BF448EB-4036-ECDC-4557-B3D3A8005575}.Release|x64.Build.0 = Release|x64
	EndGlobalSection
	GlobalSection(SolutionProperties) = preSolution
		HideSolutionNode = FALSE
	EndGlobalSection
EndGlobal
