Microsoft Visual Studio Solution File, Format Version 12.00
# Visual Studio Version 18
VisualStudioVersion = 18.0.11925.98
MinimumVisualStudioVersion = 10.0.40219.1
Project("{8BC9CEB8-8B4A-11D0-8D11-00A0C91BC942}") = "crtsys_kmdf_pnp_ntl_sample", "crtsys_kmdf_pnp_ntl_sample.vcxproj", "{A4B68CC0-D929-47C4-8185-667D235A95A2}"
EndProject
Project("{8BC9CEB8-8B4A-11D0-8D11-00A0C91BC942}") = "crtsys_kmdf_pnp_ntl_sample_app", "crtsys_kmdf_pnp_ntl_sample_app.vcxproj", "{9CBE65D1-9CB9-40C0-A386-96516AD8CD55}"
	ProjectSection(ProjectDependencies) = postProject
		{A4B68CC0-D929-47C4-8185-667D235A95A2} = {A4B68CC0-D929-47C4-8185-667D235A95A2}
	EndProjectSection
EndProject
Global
	GlobalSection(SolutionConfigurationPlatforms) = preSolution
		Debug|x64 = Debug|x64
		Release|x64 = Release|x64
	EndGlobalSection
	GlobalSection(ProjectConfigurationPlatforms) = postSolution
		{A4B68CC0-D929-47C4-8185-667D235A95A2}.Debug|x64.ActiveCfg = Debug|x64
		{A4B68CC0-D929-47C4-8185-667D235A95A2}.Debug|x64.Build.0 = Debug|x64
		{A4B68CC0-D929-47C4-8185-667D235A95A2}.Release|x64.ActiveCfg = Release|x64
		{A4B68CC0-D929-47C4-8185-667D235A95A2}.Release|x64.Build.0 = Release|x64
		{9CBE65D1-9CB9-40C0-A386-96516AD8CD55}.Debug|x64.ActiveCfg = Debug|x64
		{9CBE65D1-9CB9-40C0-A386-96516AD8CD55}.Debug|x64.Build.0 = Debug|x64
		{9CBE65D1-9CB9-40C0-A386-96516AD8CD55}.Release|x64.ActiveCfg = Release|x64
		{9CBE65D1-9CB9-40C0-A386-96516AD8CD55}.Release|x64.Build.0 = Release|x64
	EndGlobalSection
	GlobalSection(SolutionProperties) = preSolution
		HideSolutionNode = FALSE
	EndGlobalSection
EndGlobal
