Microsoft Visual Studio Solution File, Format Version 12.00
# Visual Studio Version 17
# Generated by scripts/examples/Generate-WfpVisualStudioProjects.ps1. Edit the manifest, not this file.
VisualStudioVersion = 17.0.31903.59
MinimumVisualStudioVersion = 10.0.40219.1
Project("{8BC9CEB8-8B4A-11D0-8D11-00A0C91BC942}") = "crtsys_wfp_tls_inspection_proxy", "crtsys_wfp_tls_inspection_proxy.vcxproj", "{DC5F07F5-0884-3E7C-41FE-12C052839672}"
EndProject
Project("{8BC9CEB8-8B4A-11D0-8D11-00A0C91BC942}") = "crtsys_wfp_tls_inspection_proxy_service", "crtsys_wfp_tls_inspection_proxy_service.vcxproj", "{A4EE0F76-95A9-171C-FE3A-7BCB777C4FFD}"
EndProject
Global
	GlobalSection(SolutionConfigurationPlatforms) = preSolution
		Debug|x64 = Debug|x64
		Release|x64 = Release|x64
	EndGlobalSection
	GlobalSection(ProjectConfigurationPlatforms) = postSolution
		{DC5F07F5-0884-3E7C-41FE-12C052839672}.Debug|x64.ActiveCfg = Debug|x64
		{DC5F07F5-0884-3E7C-41FE-12C052839672}.Debug|x64.Build.0 = Debug|x64
		{DC5F07F5-0884-3E7C-41FE-12C052839672}.Release|x64.ActiveCfg = Release|x64
		{DC5F07F5-0884-3E7C-41FE-12C052839672}.Release|x64.Build.0 = Release|x64
		{A4EE0F76-95A9-171C-FE3A-7BCB777C4FFD}.Debug|x64.ActiveCfg = Debug|x64
		{A4EE0F76-95A9-171C-FE3A-7BCB777C4FFD}.Debug|x64.Build.0 = Debug|x64
		{A4EE0F76-95A9-171C-FE3A-7BCB777C4FFD}.Release|x64.ActiveCfg = Release|x64
		{A4EE0F76-95A9-171C-FE3A-7BCB777C4FFD}.Release|x64.Build.0 = Release|x64
	EndGlobalSection
	GlobalSection(SolutionProperties) = preSolution
		HideSolutionNode = FALSE
	EndGlobalSection
EndGlobal
