Microsoft Visual Studio Solution File, Format Version 12.00
# Visual Studio Version 17
# Generated by scripts/examples/Generate-WfpVisualStudioProjects.ps1. Edit the manifest, not this file.
VisualStudioVersion = 17.0.31903.59
MinimumVisualStudioVersion = 10.0.40219.1
Project("{8BC9CEB8-8B4A-11D0-8D11-00A0C91BC942}") = "crtsys_wfp_http3_inspection_driver", "crtsys_wfp_http3_inspection_driver.vcxproj", "{CC799A66-37F1-7F7D-9D0C-44962D7D97DD}"
EndProject
Project("{8BC9CEB8-8B4A-11D0-8D11-00A0C91BC942}") = "crtsys_wfp_http3_inspection_service", "crtsys_wfp_http3_inspection_service.vcxproj", "{4EC5F224-B815-A2FB-6BA8-DA13DE748999}"
EndProject
Global
	GlobalSection(SolutionConfigurationPlatforms) = preSolution
		Debug|x64 = Debug|x64
		Release|x64 = Release|x64
	EndGlobalSection
	GlobalSection(ProjectConfigurationPlatforms) = postSolution
		{CC799A66-37F1-7F7D-9D0C-44962D7D97DD}.Debug|x64.ActiveCfg = Debug|x64
		{CC799A66-37F1-7F7D-9D0C-44962D7D97DD}.Debug|x64.Build.0 = Debug|x64
		{CC799A66-37F1-7F7D-9D0C-44962D7D97DD}.Release|x64.ActiveCfg = Release|x64
		{CC799A66-37F1-7F7D-9D0C-44962D7D97DD}.Release|x64.Build.0 = Release|x64
		{4EC5F224-B815-A2FB-6BA8-DA13DE748999}.Debug|x64.ActiveCfg = Debug|x64
		{4EC5F224-B815-A2FB-6BA8-DA13DE748999}.Debug|x64.Build.0 = Debug|x64
		{4EC5F224-B815-A2FB-6BA8-DA13DE748999}.Release|x64.ActiveCfg = Release|x64
		{4EC5F224-B815-A2FB-6BA8-DA13DE748999}.Release|x64.Build.0 = Release|x64
	EndGlobalSection
	GlobalSection(SolutionProperties) = preSolution
		HideSolutionNode = FALSE
	EndGlobalSection
EndGlobal
