Microsoft Visual Studio Solution File, Format Version 12.00
# Visual Studio Version 17
# Generated by scripts/examples/Generate-WfpVisualStudioProjects.ps1. Edit the manifest, not this file.
VisualStudioVersion = 17.0.31903.59
MinimumVisualStudioVersion = 10.0.40219.1
Project("{8BC9CEB8-8B4A-11D0-8D11-00A0C91BC942}") = "crtsys_wfp_tcp_content_filter", "crtsys_wfp_tcp_content_filter.vcxproj", "{FF5673CF-5AFC-47E2-3EBB-54EF2DFD2399}"
EndProject
Project("{8BC9CEB8-8B4A-11D0-8D11-00A0C91BC942}") = "crtsys_wfp_tcp_content_filter_policy_service", "crtsys_wfp_tcp_content_filter_policy_service.vcxproj", "{3850757C-A91D-5CA9-235B-0C4825D49F1E}"
EndProject
Global
	GlobalSection(SolutionConfigurationPlatforms) = preSolution
		Debug|x64 = Debug|x64
		Release|x64 = Release|x64
	EndGlobalSection
	GlobalSection(ProjectConfigurationPlatforms) = postSolution
		{FF5673CF-5AFC-47E2-3EBB-54EF2DFD2399}.Debug|x64.ActiveCfg = Debug|x64
		{FF5673CF-5AFC-47E2-3EBB-54EF2DFD2399}.Debug|x64.Build.0 = Debug|x64
		{FF5673CF-5AFC-47E2-3EBB-54EF2DFD2399}.Release|x64.ActiveCfg = Release|x64
		{FF5673CF-5AFC-47E2-3EBB-54EF2DFD2399}.Release|x64.Build.0 = Release|x64
		{3850757C-A91D-5CA9-235B-0C4825D49F1E}.Debug|x64.ActiveCfg = Debug|x64
		{3850757C-A91D-5CA9-235B-0C4825D49F1E}.Debug|x64.Build.0 = Debug|x64
		{3850757C-A91D-5CA9-235B-0C4825D49F1E}.Release|x64.ActiveCfg = Release|x64
		{3850757C-A91D-5CA9-235B-0C4825D49F1E}.Release|x64.Build.0 = Release|x64
	EndGlobalSection
	GlobalSection(SolutionProperties) = preSolution
		HideSolutionNode = FALSE
	EndGlobalSection
EndGlobal
