Microsoft Visual Studio Solution File, Format Version 12.00
# Visual Studio Version 17
# Generated by scripts/examples/Generate-WfpVisualStudioProjects.ps1. Edit the manifest, not this file.
VisualStudioVersion = 17.0.31903.59
MinimumVisualStudioVersion = 10.0.40219.1
Project("{8BC9CEB8-8B4A-11D0-8D11-00A0C91BC942}") = "crtsys_wfp_bind_redirect", "crtsys_wfp_bind_redirect.vcxproj", "{8D1DE885-5DA3-D960-EB04-3FDFBD716AAA}"
EndProject
Project("{8BC9CEB8-8B4A-11D0-8D11-00A0C91BC942}") = "crtsys_wfp_bind_redirect_controller", "crtsys_wfp_bind_redirect_controller.vcxproj", "{B5112A02-9EF6-E7F3-E2C3-77AFD2C7EFC2}"
EndProject
Global
	GlobalSection(SolutionConfigurationPlatforms) = preSolution
		Debug|x64 = Debug|x64
		Release|x64 = Release|x64
	EndGlobalSection
	GlobalSection(ProjectConfigurationPlatforms) = postSolution
		{8D1DE885-5DA3-D960-EB04-3FDFBD716AAA}.Debug|x64.ActiveCfg = Debug|x64
		{8D1DE885-5DA3-D960-EB04-3FDFBD716AAA}.Debug|x64.Build.0 = Debug|x64
		{8D1DE885-5DA3-D960-EB04-3FDFBD716AAA}.Release|x64.ActiveCfg = Release|x64
		{8D1DE885-5DA3-D960-EB04-3FDFBD716AAA}.Release|x64.Build.0 = Release|x64
		{B5112A02-9EF6-E7F3-E2C3-77AFD2C7EFC2}.Debug|x64.ActiveCfg = Debug|x64
		{B5112A02-9EF6-E7F3-E2C3-77AFD2C7EFC2}.Debug|x64.Build.0 = Debug|x64
		{B5112A02-9EF6-E7F3-E2C3-77AFD2C7EFC2}.Release|x64.ActiveCfg = Release|x64
		{B5112A02-9EF6-E7F3-E2C3-77AFD2C7EFC2}.Release|x64.Build.0 = Release|x64
	EndGlobalSection
	GlobalSection(SolutionProperties) = preSolution
		HideSolutionNode = FALSE
	EndGlobalSection
EndGlobal
