Microsoft Visual Studio Solution File, Format Version 12.00
# Visual Studio Version 17
# Generated by scripts/examples/Generate-WfpVisualStudioProjects.ps1. Edit the manifest, not this file.
VisualStudioVersion = 17.0.31903.59
MinimumVisualStudioVersion = 10.0.40219.1
Project("{8BC9CEB8-8B4A-11D0-8D11-00A0C91BC942}") = "crtsys_wfp_stream_edit", "crtsys_wfp_stream_edit.vcxproj", "{FB7528AA-D476-13AB-0934-4BBDD6773027}"
EndProject
Project("{8BC9CEB8-8B4A-11D0-8D11-00A0C91BC942}") = "crtsys_wfp_stream_edit_controller", "crtsys_wfp_stream_edit_controller.vcxproj", "{EB3201B7-25E9-E710-8133-C8A39066FFFE}"
EndProject
Global
	GlobalSection(SolutionConfigurationPlatforms) = preSolution
		Debug|x64 = Debug|x64
		Release|x64 = Release|x64
	EndGlobalSection
	GlobalSection(ProjectConfigurationPlatforms) = postSolution
		{FB7528AA-D476-13AB-0934-4BBDD6773027}.Debug|x64.ActiveCfg = Debug|x64
		{FB7528AA-D476-13AB-0934-4BBDD6773027}.Debug|x64.Build.0 = Debug|x64
		{FB7528AA-D476-13AB-0934-4BBDD6773027}.Release|x64.ActiveCfg = Release|x64
		{FB7528AA-D476-13AB-0934-4BBDD6773027}.Release|x64.Build.0 = Release|x64
		{EB3201B7-25E9-E710-8133-C8A39066FFFE}.Debug|x64.ActiveCfg = Debug|x64
		{EB3201B7-25E9-E710-8133-C8A39066FFFE}.Debug|x64.Build.0 = Debug|x64
		{EB3201B7-25E9-E710-8133-C8A39066FFFE}.Release|x64.ActiveCfg = Release|x64
		{EB3201B7-25E9-E710-8133-C8A39066FFFE}.Release|x64.Build.0 = Release|x64
	EndGlobalSection
	GlobalSection(SolutionProperties) = preSolution
		HideSolutionNode = FALSE
	EndGlobalSection
EndGlobal
