Microsoft Visual Studio Solution File, Format Version 12.00
# Visual Studio Version 17
# Generated by scripts/examples/Generate-WfpVisualStudioProjects.ps1. Edit the manifest, not this file.
VisualStudioVersion = 17.0.31903.59
MinimumVisualStudioVersion = 10.0.40219.1
Project("{8BC9CEB8-8B4A-11D0-8D11-00A0C91BC942}") = "crtsys_wfp_kernel_connect_redirect", "crtsys_wfp_kernel_connect_redirect.vcxproj", "{CBB831DB-8C4F-7095-75A0-F1CF106D7FCD}"
EndProject
Project("{8BC9CEB8-8B4A-11D0-8D11-00A0C91BC942}") = "crtsys_wfp_kernel_connect_redirect_controller", "crtsys_wfp_kernel_connect_redirect_controller.vcxproj", "{A4F493C6-0B97-AF24-AEB8-86A62E8261B3}"
EndProject
Global
	GlobalSection(SolutionConfigurationPlatforms) = preSolution
		Debug|x64 = Debug|x64
		Release|x64 = Release|x64
	EndGlobalSection
	GlobalSection(ProjectConfigurationPlatforms) = postSolution
		{CBB831DB-8C4F-7095-75A0-F1CF106D7FCD}.Debug|x64.ActiveCfg = Debug|x64
		{CBB831DB-8C4F-7095-75A0-F1CF106D7FCD}.Debug|x64.Build.0 = Debug|x64
		{CBB831DB-8C4F-7095-75A0-F1CF106D7FCD}.Release|x64.ActiveCfg = Release|x64
		{CBB831DB-8C4F-7095-75A0-F1CF106D7FCD}.Release|x64.Build.0 = Release|x64
		{A4F493C6-0B97-AF24-AEB8-86A62E8261B3}.Debug|x64.ActiveCfg = Debug|x64
		{A4F493C6-0B97-AF24-AEB8-86A62E8261B3}.Debug|x64.Build.0 = Debug|x64
		{A4F493C6-0B97-AF24-AEB8-86A62E8261B3}.Release|x64.ActiveCfg = Release|x64
		{A4F493C6-0B97-AF24-AEB8-86A62E8261B3}.Release|x64.Build.0 = Release|x64
	EndGlobalSection
	GlobalSection(SolutionProperties) = preSolution
		HideSolutionNode = FALSE
	EndGlobalSection
EndGlobal
